
Microsoft Visual Studio Solution File, Format Version 12.00
# Visual Studio Version 16
VisualStudioVersion = 16.0.30523.141
MinimumVisualStudioVersion = 10.0.40219.1
Project("{8BC9CEB8-8B4A-11D0-8D11-00A0C91BC942}") = "Bai_1.0_ChuongTrinhCDauTien", "PT1631D-WEB-COM108\PT1631D-WEB-COM108.vcxproj", "{68FEC8AC-0699-4046-AA7D-3A600FE837F9}"
EndProject
Project("{8BC9CEB8-8B4A-11D0-8D11-00A0C91BC942}") = "Bai_1.1_KhaiNiemVeBien", "Bai_1.1_KhaiNiemVeBien\Bai_1.1_KhaiNiemVeBien.vcxproj", "{A9EAA304-3CE3-4323-9D62-B18093DA7262}"
EndProject
Project("{8BC9CEB8-8B4A-11D0-8D11-00A0C91BC942}") = "Bai_1.2_Xuat", "Bai_1.2_NhapVaXuat\Bai_1.2_NhapVaXuat.vcxproj", "{ACE25A2D-EB51-4F72-A3B5-B212594DAC2D}"
EndProject
Project("{8BC9CEB8-8B4A-11D0-8D11-00A0C91BC942}") = "Bai_1.3_NhapDuLieuTuBanPhim", "Bai_1.3_NhapDuLieuTuBanPhim\Bai_1.3_NhapDuLieuTuBanPhim.vcxproj", "{5DD56534-FEB2-40E9-B912-21CEF4BF800C}"
EndProject
Project("{8BC9CEB8-8B4A-11D0-8D11-00A0C91BC942}") = "Bai_1.4_ToanTuSoHoc", "Bai_1.4_ToanTuSoHoc\Bai_1.4_ToanTuSoHoc.vcxproj", "{8DDDFB5B-D2D6-4FB4-ABE7-69F5A1889FEE}"
EndProject
Project("{8BC9CEB8-8B4A-11D0-8D11-00A0C91BC942}") = "Bai_1.5_ToanTuSoSanh", "Bai_1.5_ToanTuSoSanh\Bai_1.5_ToanTuSoSanh.vcxproj", "{D2E8F4CE-E0F7-498F-A0E1-941C3D899AED}"
EndProject
Project("{8BC9CEB8-8B4A-11D0-8D11-00A0C91BC942}") = "Bai_1.6_ToanTuLogic", "Bai_1.6_ToanTuLogic\Bai_1.6_ToanTuLogic.vcxproj", "{13A9177C-83BE-4059-9E34-ACAA7EED786A}"
EndProject
Project("{8BC9CEB8-8B4A-11D0-8D11-00A0C91BC942}") = "Bai_1.7_CauDieuKien_If", "Bai_1.7_If\Bai_1.7_If.vcxproj", "{117711E0-22CB-402B-BA7A-4341D80F2581}"
EndProject
Project("{8BC9CEB8-8B4A-11D0-8D11-00A0C91BC942}") = "Bai_1.8_CauDieuKien_IfElse", "Bai_1.8_CauDieuKien_IfElse\Bai_1.8_CauDieuKien_IfElse.vcxproj", "{7C08FFB6-9730-4266-8715-A1D42E441FA1}"
EndProject
Project("{8BC9CEB8-8B4A-11D0-8D11-00A0C91BC942}") = "Bai_1.9_ElseIf", "Bai_1.9_ElseIf\Bai_1.9_ElseIf.vcxproj", "{114846DF-03DC-4F96-92F7-4970C3FF54CF}"
EndProject
Project("{8BC9CEB8-8B4A-11D0-8D11-00A0C91BC942}") = "Bai_2.0_SwitchCase", "Bai_2.0_SwitchCase\Bai_2.0_SwitchCase.vcxproj", "{29986A10-DF04-4CAC-A2CB-7B15095937DA}"
EndProject
Project("{8BC9CEB8-8B4A-11D0-8D11-00A0C91BC942}") = "Bai_2.1_VongLap_While", "Bai_2.1_VongLap_While\Bai_2.1_VongLap_While.vcxproj", "{700C5575-AADB-4A26-A862-CEFF5225AECD}"
EndProject
Project("{8BC9CEB8-8B4A-11D0-8D11-00A0C91BC942}") = "Bai_2.2_VongLap_Do_While", "Bai_2.2_VongLap_Do_While\Bai_2.2_VongLap_Do_While.vcxproj", "{DF914D56-0E0C-46B3-BB32-600F32D0B334}"
EndProject
Project("{8BC9CEB8-8B4A-11D0-8D11-00A0C91BC942}") = "Bai_2.3_VongLap_For", "Bai_2.3_VongLap_For\Bai_2.3_VongLap_For.vcxproj", "{43D0FF26-0625-44ED-8AB9-FE7D5317316A}"
EndProject
Project("{8BC9CEB8-8B4A-11D0-8D11-00A0C91BC942}") = "Bai_2.4_BagnCuuChuong", "Bai_2.4_BagnCuuChuong\Bai_2.4_BagnCuuChuong.vcxproj", "{6A8C44F6-1C56-4143-986A-8698BB7FBA10}"
EndProject
Project("{8BC9CEB8-8B4A-11D0-8D11-00A0C91BC942}") = "Bai_2.5_HamVoidKhongThamSo", "Bai_2.5_HamLaGi\Bai_2.5_HamLaGi.vcxproj", "{735859E5-E426-4185-933D-6F648E67FD2E}"
EndProject
Project("{8BC9CEB8-8B4A-11D0-8D11-00A0C91BC942}") = "Bai_2.6_HamVoid_CoThamSo", "Bai_2.6_HamVoid_CoThamSo\Bai_2.6_HamVoid_CoThamSo.vcxproj", "{A43E47E0-30E8-4AF7-A4DF-564E5438084D}"
EndProject
Project("{8BC9CEB8-8B4A-11D0-8D11-00A0C91BC942}") = "Bai_2.7_LuyenTap", "Bai_2.7_LuyenTap\Bai_2.7_LuyenTap.vcxproj", "{556FAE5A-FBD3-4D23-B559-7B3B4858DD45}"
EndProject
Project("{8BC9CEB8-8B4A-11D0-8D11-00A0C91BC942}") = "Bai_2.8_HamTraVe_KhongThamSo_Return", "Bai_2.8_HamTraVe_Return\Bai_2.8_HamTraVe_Return.vcxproj", "{7D8B5703-ECF2-4D50-8406-246AF131D7D3}"
EndProject
Project("{8BC9CEB8-8B4A-11D0-8D11-00A0C91BC942}") = "Bai_2.9_HamTraVe_CoThamSo", "Bai_2.9_HamTraVe_CoThamSo\Bai_2.9_HamTraVe_CoThamSo.vcxproj", "{D2CAED1C-D556-4B21-8E87-59941A65D2EA}"
EndProject
Project("{8BC9CEB8-8B4A-11D0-8D11-00A0C91BC942}") = "Bai_3.0_Mang_Array", "Bai_3.0_Mang_Array\Bai_3.0_Mang_Array.vcxproj", "{A0A7B20F-B207-4BF8-920E-A9A79D057CA5}"
EndProject
Project("{8BC9CEB8-8B4A-11D0-8D11-00A0C91BC942}") = "Bai_3.1_KhaiBaoKichThuocMang", "Bai_3.1_KhaiBaoKichThuocMang\Bai_3.1_KhaiBaoKichThuocMang.vcxproj", "{3AC1097E-98D9-438C-8AE6-8926E64A6725}"
EndProject
Global
	GlobalSection(SolutionConfigurationPlatforms) = preSolution
		Debug|x64 = Debug|x64
		Debug|x86 = Debug|x86
		Release|x64 = Release|x64
		Release|x86 = Release|x86
	EndGlobalSection
	GlobalSection(ProjectConfigurationPlatforms) = postSolution
		{68FEC8AC-0699-4046-AA7D-3A600FE837F9}.Debug|x64.ActiveCfg = Debug|x64
		{68FEC8AC-0699-4046-AA7D-3A600FE837F9}.Debug|x64.Build.0 = Debug|x64
		{68FEC8AC-0699-4046-AA7D-3A600FE837F9}.Debug|x86.ActiveCfg = Debug|Win32
		{68FEC8AC-0699-4046-AA7D-3A600FE837F9}.Debug|x86.Build.0 = Debug|Win32
		{68FEC8AC-0699-4046-AA7D-3A600FE837F9}.Release|x64.ActiveCfg = Release|x64
		{68FEC8AC-0699-4046-AA7D-3A600FE837F9}.Release|x64.Build.0 = Release|x64
		{68FEC8AC-0699-4046-AA7D-3A600FE837F9}.Release|x86.ActiveCfg = Release|Win32
		{68FEC8AC-0699-4046-AA7D-3A600FE837F9}.Release|x86.Build.0 = Release|Win32
		{A9EAA304-3CE3-4323-9D62-B18093DA7262}.Debug|x64.ActiveCfg = Debug|x64
		{A9EAA304-3CE3-4323-9D62-B18093DA7262}.Debug|x64.Build.0 = Debug|x64
		{A9EAA304-3CE3-4323-9D62-B18093DA7262}.Debug|x86.ActiveCfg = Debug|Win32
		{A9EAA304-3CE3-4323-9D62-B18093DA7262}.Debug|x86.Build.0 = Debug|Win32
		{A9EAA304-3CE3-4323-9D62-B18093DA7262}.Release|x64.ActiveCfg = Release|x64
		{A9EAA304-3CE3-4323-9D62-B18093DA7262}.Release|x64.Build.0 = Release|x64
		{A9EAA304-3CE3-4323-9D62-B18093DA7262}.Release|x86.ActiveCfg = Release|Win32
		{A9EAA304-3CE3-4323-9D62-B18093DA7262}.Release|x86.Build.0 = Release|Win32
		{ACE25A2D-EB51-4F72-A3B5-B212594DAC2D}.Debug|x64.ActiveCfg = Debug|x64
		{ACE25A2D-EB51-4F72-A3B5-B212594DAC2D}.Debug|x64.Build.0 = Debug|x64
		{ACE25A2D-EB51-4F72-A3B5-B212594DAC2D}.Debug|x86.ActiveCfg = Debug|Win32
		{ACE25A2D-EB51-4F72-A3B5-B212594DAC2D}.Debug|x86.Build.0 = Debug|Win32
		{ACE25A2D-EB51-4F72-A3B5-B212594DAC2D}.Release|x64.ActiveCfg = Release|x64
		{ACE25A2D-EB51-4F72-A3B5-B212594DAC2D}.Release|x64.Build.0 = Release|x64
		{ACE25A2D-EB51-4F72-A3B5-B212594DAC2D}.Release|x86.ActiveCfg = Release|Win32
		{ACE25A2D-EB51-4F72-A3B5-B212594DAC2D}.Release|x86.Build.0 = Release|Win32
		{5DD56534-FEB2-40E9-B912-21CEF4BF800C}.Debug|x64.ActiveCfg = Debug|x64
		{5DD56534-FEB2-40E9-B912-21CEF4BF800C}.Debug|x64.Build.0 = Debug|x64
		{5DD56534-FEB2-40E9-B912-21CEF4BF800C}.Debug|x86.ActiveCfg = Debug|Win32
		{5DD56534-FEB2-40E9-B912-21CEF4BF800C}.Debug|x86.Build.0 = Debug|Win32
		{5DD56534-FEB2-40E9-B912-21CEF4BF800C}.Release|x64.ActiveCfg = Release|x64
		{5DD56534-FEB2-40E9-B912-21CEF4BF800C}.Release|x64.Build.0 = Release|x64
		{5DD56534-FEB2-40E9-B912-21CEF4BF800C}.Release|x86.ActiveCfg = Release|Win32
		{5DD56534-FEB2-40E9-B912-21CEF4BF800C}.Release|x86.Build.0 = Release|Win32
		{8DDDFB5B-D2D6-4FB4-ABE7-69F5A1889FEE}.Debug|x64.ActiveCfg = Debug|x64
		{8DDDFB5B-D2D6-4FB4-ABE7-69F5A1889FEE}.Debug|x64.Build.0 = Debug|x64
		{8DDDFB5B-D2D6-4FB4-ABE7-69F5A1889FEE}.Debug|x86.ActiveCfg = Debug|Win32
		{8DDDFB5B-D2D6-4FB4-ABE7-69F5A1889FEE}.Debug|x86.Build.0 = Debug|Win32
		{8DDDFB5B-D2D6-4FB4-ABE7-69F5A1889FEE}.Release|x64.ActiveCfg = Release|x64
		{8DDDFB5B-D2D6-4FB4-ABE7-69F5A1889FEE}.Release|x64.Build.0 = Release|x64
		{8DDDFB5B-D2D6-4FB4-ABE7-69F5A1889FEE}.Release|x86.ActiveCfg = Release|Win32
		{8DDDFB5B-D2D6-4FB4-ABE7-69F5A1889FEE}.Release|x86.Build.0 = Release|Win32
		{D2E8F4CE-E0F7-498F-A0E1-941C3D899AED}.Debug|x64.ActiveCfg = Debug|x64
		{D2E8F4CE-E0F7-498F-A0E1-941C3D899AED}.Debug|x64.Build.0 = Debug|x64
		{D2E8F4CE-E0F7-498F-A0E1-941C3D899AED}.Debug|x86.ActiveCfg = Debug|Win32
		{D2E8F4CE-E0F7-498F-A0E1-941C3D899AED}.Debug|x86.Build.0 = Debug|Win32
		{D2E8F4CE-E0F7-498F-A0E1-941C3D899AED}.Release|x64.ActiveCfg = Release|x64
		{D2E8F4CE-E0F7-498F-A0E1-941C3D899AED}.Release|x64.Build.0 = Release|x64
		{D2E8F4CE-E0F7-498F-A0E1-941C3D899AED}.Release|x86.ActiveCfg = Release|Win32
		{D2E8F4CE-E0F7-498F-A0E1-941C3D899AED}.Release|x86.Build.0 = Release|Win32
		{13A9177C-83BE-4059-9E34-ACAA7EED786A}.Debug|x64.ActiveCfg = Debug|x64
		{13A9177C-83BE-4059-9E34-ACAA7EED786A}.Debug|x64.Build.0 = Debug|x64
		{13A9177C-83BE-4059-9E34-ACAA7EED786A}.Debug|x86.ActiveCfg = Debug|Win32
		{13A9177C-83BE-4059-9E34-ACAA7EED786A}.Debug|x86.Build.0 = Debug|Win32
		{13A9177C-83BE-4059-9E34-ACAA7EED786A}.Release|x64.ActiveCfg = Release|x64
		{13A9177C-83BE-4059-9E34-ACAA7EED786A}.Release|x64.Build.0 = Release|x64
		{13A9177C-83BE-4059-9E34-ACAA7EED786A}.Release|x86.ActiveCfg = Release|Win32
		{13A9177C-83BE-4059-9E34-ACAA7EED786A}.Release|x86.Build.0 = Release|Win32
		{117711E0-22CB-402B-BA7A-4341D80F2581}.Debug|x64.ActiveCfg = Debug|x64
		{117711E0-22CB-402B-BA7A-4341D80F2581}.Debug|x64.Build.0 = Debug|x64
		{117711E0-22CB-402B-BA7A-4341D80F2581}.Debug|x86.ActiveCfg = Debug|Win32
		{117711E0-22CB-402B-BA7A-4341D80F2581}.Debug|x86.Build.0 = Debug|Win32
		{117711E0-22CB-402B-BA7A-4341D80F2581}.Release|x64.ActiveCfg = Release|x64
		{117711E0-22CB-402B-BA7A-4341D80F2581}.Release|x64.Build.0 = Release|x64
		{117711E0-22CB-402B-BA7A-4341D80F2581}.Release|x86.ActiveCfg = Release|Win32
		{117711E0-22CB-402B-BA7A-4341D80F2581}.Release|x86.Build.0 = Release|Win32
		{7C08FFB6-9730-4266-8715-A1D42E441FA1}.Debug|x64.ActiveCfg = Debug|x64
		{7C08FFB6-9730-4266-8715-A1D42E441FA1}.Debug|x64.Build.0 = Debug|x64
		{7C08FFB6-9730-4266-8715-A1D42E441FA1}.Debug|x86.ActiveCfg = Debug|Win32
		{7C08FFB6-9730-4266-8715-A1D42E441FA1}.Debug|x86.Build.0 = Debug|Win32
		{7C08FFB6-9730-4266-8715-A1D42E441FA1}.Release|x64.ActiveCfg = Release|x64
		{7C08FFB6-9730-4266-8715-A1D42E441FA1}.Release|x64.Build.0 = Release|x64
		{7C08FFB6-9730-4266-8715-A1D42E441FA1}.Release|x86.ActiveCfg = Release|Win32
		{7C08FFB6-9730-4266-8715-A1D42E441FA1}.Release|x86.Build.0 = Release|Win32
		{114846DF-03DC-4F96-92F7-4970C3FF54CF}.Debug|x64.ActiveCfg = Debug|x64
		{114846DF-03DC-4F96-92F7-4970C3FF54CF}.Debug|x64.Build.0 = Debug|x64
		{114846DF-03DC-4F96-92F7-4970C3FF54CF}.Debug|x86.ActiveCfg = Debug|Win32
		{114846DF-03DC-4F96-92F7-4970C3FF54CF}.Debug|x86.Build.0 = Debug|Win32
		{114846DF-03DC-4F96-92F7-4970C3FF54CF}.Release|x64.ActiveCfg = Release|x64
		{114846DF-03DC-4F96-92F7-4970C3FF54CF}.Release|x64.Build.0 = Release|x64
		{114846DF-03DC-4F96-92F7-4970C3FF54CF}.Release|x86.ActiveCfg = Release|Win32
		{114846DF-03DC-4F96-92F7-4970C3FF54CF}.Release|x86.Build.0 = Release|Win32
		{29986A10-DF04-4CAC-A2CB-7B15095937DA}.Debug|x64.ActiveCfg = Debug|x64
		{29986A10-DF04-4CAC-A2CB-7B15095937DA}.Debug|x64.Build.0 = Debug|x64
		{29986A10-DF04-4CAC-A2CB-7B15095937DA}.Debug|x86.ActiveCfg = Debug|Win32
		{29986A10-DF04-4CAC-A2CB-7B15095937DA}.Debug|x86.Build.0 = Debug|Win32
		{29986A10-DF04-4CAC-A2CB-7B15095937DA}.Release|x64.ActiveCfg = Release|x64
		{29986A10-DF04-4CAC-A2CB-7B15095937DA}.Release|x64.Build.0 = Release|x64
		{29986A10-DF04-4CAC-A2CB-7B15095937DA}.Release|x86.ActiveCfg = Release|Win32
		{29986A10-DF04-4CAC-A2CB-7B15095937DA}.Release|x86.Build.0 = Release|Win32
		{700C5575-AADB-4A26-A862-CEFF5225AECD}.Debug|x64.ActiveCfg = Debug|x64
		{700C5575-AADB-4A26-A862-CEFF5225AECD}.Debug|x64.Build.0 = Debug|x64
		{700C5575-AADB-4A26-A862-CEFF5225AECD}.Debug|x86.ActiveCfg = Debug|Win32
		{700C5575-AADB-4A26-A862-CEFF5225AECD}.Debug|x86.Build.0 = Debug|Win32
		{700C5575-AADB-4A26-A862-CEFF5225AECD}.Release|x64.ActiveCfg = Release|x64
		{700C5575-AADB-4A26-A862-CEFF5225AECD}.Release|x64.Build.0 = Release|x64
		{700C5575-AADB-4A26-A862-CEFF5225AECD}.Release|x86.ActiveCfg = Release|Win32
		{700C5575-AADB-4A26-A862-CEFF5225AECD}.Release|x86.Build.0 = Release|Win32
		{DF914D56-0E0C-46B3-BB32-600F32D0B334}.Debug|x64.ActiveCfg = Debug|x64
		{DF914D56-0E0C-46B3-BB32-600F32D0B334}.Debug|x64.Build.0 = Debug|x64
		{DF914D56-0E0C-46B3-BB32-600F32D0B334}.Debug|x86.ActiveCfg = Debug|Win32
		{DF914D56-0E0C-46B3-BB32-600F32D0B334}.Debug|x86.Build.0 = Debug|Win32
		{DF914D56-0E0C-46B3-BB32-600F32D0B334}.Release|x64.ActiveCfg = Release|x64
		{DF914D56-0E0C-46B3-BB32-600F32D0B334}.Release|x64.Build.0 = Release|x64
		{DF914D56-0E0C-46B3-BB32-600F32D0B334}.Release|x86.ActiveCfg = Release|Win32
		{DF914D56-0E0C-46B3-BB32-600F32D0B334}.Release|x86.Build.0 = Release|Win32
		{43D0FF26-0625-44ED-8AB9-FE7D5317316A}.Debug|x64.ActiveCfg = Debug|x64
		{43D0FF26-0625-44ED-8AB9-FE7D5317316A}.Debug|x64.Build.0 = Debug|x64
		{43D0FF26-0625-44ED-8AB9-FE7D5317316A}.Debug|x86.ActiveCfg = Debug|Win32
		{43D0FF26-0625-44ED-8AB9-FE7D5317316A}.Debug|x86.Build.0 = Debug|Win32
		{43D0FF26-0625-44ED-8AB9-FE7D5317316A}.Release|x64.ActiveCfg = Release|x64
		{43D0FF26-0625-44ED-8AB9-FE7D5317316A}.Release|x64.Build.0 = Release|x64
		{43D0FF26-0625-44ED-8AB9-FE7D5317316A}.Release|x86.ActiveCfg = Release|Win32
		{43D0FF26-0625-44ED-8AB9-FE7D5317316A}.Release|x86.Build.0 = Release|Win32
		{6A8C44F6-1C56-4143-986A-8698BB7FBA10}.Debug|x64.ActiveCfg = Debug|x64
		{6A8C44F6-1C56-4143-986A-8698BB7FBA10}.Debug|x64.Build.0 = Debug|x64
		{6A8C44F6-1C56-4143-986A-8698BB7FBA10}.Debug|x86.ActiveCfg = Debug|Win32
		{6A8C44F6-1C56-4143-986A-8698BB7FBA10}.Debug|x86.Build.0 = Debug|Win32
		{6A8C44F6-1C56-4143-986A-8698BB7FBA10}.Release|x64.ActiveCfg = Release|x64
		{6A8C44F6-1C56-4143-986A-8698BB7FBA10}.Release|x64.Build.0 = Release|x64
		{6A8C44F6-1C56-4143-986A-8698BB7FBA10}.Release|x86.ActiveCfg = Release|Win32
		{6A8C44F6-1C56-4143-986A-8698BB7FBA10}.Release|x86.Build.0 = Release|Win32
		{735859E5-E426-4185-933D-6F648E67FD2E}.Debug|x64.ActiveCfg = Debug|x64
		{735859E5-E426-4185-933D-6F648E67FD2E}.Debug|x64.Build.0 = Debug|x64
		{735859E5-E426-4185-933D-6F648E67FD2E}.Debug|x86.ActiveCfg = Debug|Win32
		{735859E5-E426-4185-933D-6F648E67FD2E}.Debug|x86.Build.0 = Debug|Win32
		{735859E5-E426-4185-933D-6F648E67FD2E}.Release|x64.ActiveCfg = Release|x64
		{735859E5-E426-4185-933D-6F648E67FD2E}.Release|x64.Build.0 = Release|x64
		{735859E5-E426-4185-933D-6F648E67FD2E}.Release|x86.ActiveCfg = Release|Win32
		{735859E5-E426-4185-933D-6F648E67FD2E}.Release|x86.Build.0 = Release|Win32
		{A43E47E0-30E8-4AF7-A4DF-564E5438084D}.Debug|x64.ActiveCfg = Debug|x64
		{A43E47E0-30E8-4AF7-A4DF-564E5438084D}.Debug|x64.Build.0 = Debug|x64
		{A43E47E0-30E8-4AF7-A4DF-564E5438084D}.Debug|x86.ActiveCfg = Debug|Win32
		{A43E47E0-30E8-4AF7-A4DF-564E5438084D}.Debug|x86.Build.0 = Debug|Win32
		{A43E47E0-30E8-4AF7-A4DF-564E5438084D}.Release|x64.ActiveCfg = Release|x64
		{A43E47E0-30E8-4AF7-A4DF-564E5438084D}.Release|x64.Build.0 = Release|x64
		{A43E47E0-30E8-4AF7-A4DF-564E5438084D}.Release|x86.ActiveCfg = Release|Win32
		{A43E47E0-30E8-4AF7-A4DF-564E5438084D}.Release|x86.Build.0 = Release|Win32
		{556FAE5A-FBD3-4D23-B559-7B3B4858DD45}.Debug|x64.ActiveCfg = Debug|x64
		{556FAE5A-FBD3-4D23-B559-7B3B4858DD45}.Debug|x64.Build.0 = Debug|x64
		{556FAE5A-FBD3-4D23-B559-7B3B4858DD45}.Debug|x86.ActiveCfg = Debug|Win32
		{556FAE5A-FBD3-4D23-B559-7B3B4858DD45}.Debug|x86.Build.0 = Debug|Win32
		{556FAE5A-FBD3-4D23-B559-7B3B4858DD45}.Release|x64.ActiveCfg = Release|x64
		{556FAE5A-FBD3-4D23-B559-7B3B4858DD45}.Release|x64.Build.0 = Release|x64
		{556FAE5A-FBD3-4D23-B559-7B3B4858DD45}.Release|x86.ActiveCfg = Release|Win32
		{556FAE5A-FBD3-4D23-B559-7B3B4858DD45}.Release|x86.Build.0 = Release|Win32
		{7D8B5703-ECF2-4D50-8406-246AF131D7D3}.Debug|x64.ActiveCfg = Debug|x64
		{7D8B5703-ECF2-4D50-8406-246AF131D7D3}.Debug|x64.Build.0 = Debug|x64
		{7D8B5703-ECF2-4D50-8406-246AF131D7D3}.Debug|x86.ActiveCfg = Debug|Win32
		{7D8B5703-ECF2-4D50-8406-246AF131D7D3}.Debug|x86.Build.0 = Debug|Win32
		{7D8B5703-ECF2-4D50-8406-246AF131D7D3}.Release|x64.ActiveCfg = Release|x64
		{7D8B5703-ECF2-4D50-8406-246AF131D7D3}.Release|x64.Build.0 = Release|x64
		{7D8B5703-ECF2-4D50-8406-246AF131D7D3}.Release|x86.ActiveCfg = Release|Win32
		{7D8B5703-ECF2-4D50-8406-246AF131D7D3}.Release|x86.Build.0 = Release|Win32
		{D2CAED1C-D556-4B21-8E87-59941A65D2EA}.Debug|x64.ActiveCfg = Debug|x64
		{D2CAED1C-D556-4B21-8E87-59941A65D2EA}.Debug|x64.Build.0 = Debug|x64
		{D2CAED1C-D556-4B21-8E87-59941A65D2EA}.Debug|x86.ActiveCfg = Debug|Win32
		{D2CAED1C-D556-4B21-8E87-59941A65D2EA}.Debug|x86.Build.0 = Debug|Win32
		{D2CAED1C-D556-4B21-8E87-59941A65D2EA}.Release|x64.ActiveCfg = Release|x64
		{D2CAED1C-D556-4B21-8E87-59941A65D2EA}.Release|x64.Build.0 = Release|x64
		{D2CAED1C-D556-4B21-8E87-59941A65D2EA}.Release|x86.ActiveCfg = Release|Win32
		{D2CAED1C-D556-4B21-8E87-59941A65D2EA}.Release|x86.Build.0 = Release|Win32
		{A0A7B20F-B207-4BF8-920E-A9A79D057CA5}.Debug|x64.ActiveCfg = Debug|x64
		{A0A7B20F-B207-4BF8-920E-A9A79D057CA5}.Debug|x64.Build.0 = Debug|x64
		{A0A7B20F-B207-4BF8-920E-A9A79D057CA5}.Debug|x86.ActiveCfg = Debug|Win32
		{A0A7B20F-B207-4BF8-920E-A9A79D057CA5}.Debug|x86.Build.0 = Debug|Win32
		{A0A7B20F-B207-4BF8-920E-A9A79D057CA5}.Release|x64.ActiveCfg = Release|x64
		{A0A7B20F-B207-4BF8-920E-A9A79D057CA5}.Release|x64.Build.0 = Release|x64
		{A0A7B20F-B207-4BF8-920E-A9A79D057CA5}.Release|x86.ActiveCfg = Release|Win32
		{A0A7B20F-B207-4BF8-920E-A9A79D057CA5}.Release|x86.Build.0 = Release|Win32
		{3AC1097E-98D9-438C-8AE6-8926E64A6725}.Debug|x64.ActiveCfg = Debug|x64
		{3AC1097E-98D9-438C-8AE6-8926E64A6725}.Debug|x64.Build.0 = Debug|x64
		{3AC1097E-98D9-438C-8AE6-8926E64A6725}.Debug|x86.ActiveCfg = Debug|Win32
		{3AC1097E-98D9-438C-8AE6-8926E64A6725}.Debug|x86.Build.0 = Debug|Win32
		{3AC1097E-98D9-438C-8AE6-8926E64A6725}.Release|x64.ActiveCfg = Release|x64
		{3AC1097E-98D9-438C-8AE6-8926E64A6725}.Release|x64.Build.0 = Release|x64
		{3AC1097E-98D9-438C-8AE6-8926E64A6725}.Release|x86.ActiveCfg = Release|Win32
		{3AC1097E-98D9-438C-8AE6-8926E64A6725}.Release|x86.Build.0 = Release|Win32
	EndGlobalSection
	GlobalSection(SolutionProperties) = preSolution
		HideSolutionNode = FALSE
	EndGlobalSection
	GlobalSection(ExtensibilityGlobals) = postSolution
		SolutionGuid = {21A48DEC-4FA8-44F1-8742-42ADE02D7825}
	EndGlobalSection
EndGlobal
