
Microsoft Visual Studio Solution File, Format Version 12.00
# Visual Studio Version 16
VisualStudioVersion = 16.0.30523.141
MinimumVisualStudioVersion = 10.0.40219.1
Project("{8BC9CEB8-8B4A-11D0-8D11-00A0C91BC942}") = "Bai_1.0_ChuongTrinhCDauTien", "PT1631D-WEB-COM108\PT1631D-WEB-COM108.vcxproj", "{68FEC8AC-0699-4046-AA7D-3A600FE837F9}"
EndProject
Project("{8BC9CEB8-8B4A-11D0-8D11-00A0C91BC942}") = "Bai_1.1_KhaiNiemVeBien", "Bai_1.1_KhaiNiemVeBien\Bai_1.1_KhaiNiemVeBien.vcxproj", "{A9EAA304-3CE3-4323-9D62-B18093DA7262}"
EndProject
Project("{8BC9CEB8-8B4A-11D0-8D11-00A0C91BC942}") = "Bai_1.2_Xuat", "Bai_1.2_NhapVaXuat\Bai_1.2_NhapVaXuat.vcxproj", "{ACE25A2D-EB51-4F72-A3B5-B212594DAC2D}"
EndProject
Project("{8BC9CEB8-8B4A-11D0-8D11-00A0C91BC942}") = "Bai_1.3_NhapDuLieuTuBanPhim", "Bai_1.3_NhapDuLieuTuBanPhim\Bai_1.3_NhapDuLieuTuBanPhim.vcxproj", "{5DD56534-FEB2-40E9-B912-21CEF4BF800C}"
EndProject
Project("{8BC9CEB8-8B4A-11D0-8D11-00A0C91BC942}") = "Bai_1.4_ToanTuSoHoc", "Bai_1.4_ToanTuSoHoc\Bai_1.4_ToanTuSoHoc.vcxproj", "{8DDDFB5B-D2D6-4FB4-ABE7-69F5A1889FEE}"
EndProject
Project("{8BC9CEB8-8B4A-11D0-8D11-00A0C91BC942}") = "Bai_1.5_ToanTuSoSanh", "Bai_1.5_ToanTuSoSanh\Bai_1.5_ToanTuSoSanh.vcxproj", "{D2E8F4CE-E0F7-498F-A0E1-941C3D899AED}"
EndProject
Project("{8BC9CEB8-8B4A-11D0-8D11-00A0C91BC942}") = "Bai_1.6_ToanTuLogic", "Bai_1.6_ToanTuLogic\Bai_1.6_ToanTuLogic.vcxproj", "{13A9177C-83BE-4059-9E34-ACAA7EED786A}"
EndProject
Project("{8BC9CEB8-8B4A-11D0-8D11-00A0C91BC942}") = "Bai_1.7_CauDieuKien_If", "Bai_1.7_If\Bai_1.7_If.vcxproj", "{117711E0-22CB-402B-BA7A-4341D80F2581}"
EndProject
Project("{8BC9CEB8-8B4A-11D0-8D11-00A0C91BC942}") = "Bai_1.8_CauDieuKien_IfElse", "Bai_1.8_CauDieuKien_IfElse\Bai_1.8_CauDieuKien_IfElse.vcxproj", "{7C08FFB6-9730-4266-8715-A1D42E441FA1}"
EndProject
Global
	GlobalSection(SolutionConfigurationPlatforms) = preSolution
		Debug|x64 = Debug|x64
		Debug|x86 = Debug|x86
		Release|x64 = Release|x64
		Release|x86 = Release|x86
	EndGlobalSection
	GlobalSection(ProjectConfigurationPlatforms) = postSolution
		{68FEC8AC-0699-4046-AA7D-3A600FE837F9}.Debug|x64.ActiveCfg = Debug|x64
		{68FEC8AC-0699-4046-AA7D-3A600FE837F9}.Debug|x64.Build.0 = Debug|x64
		{68FEC8AC-0699-4046-AA7D-3A600FE837F9}.Debug|x86.ActiveCfg = Debug|Win32
		{68FEC8AC-0699-4046-AA7D-3A600FE837F9}.Debug|x86.Build.0 = Debug|Win32
		{68FEC8AC-0699-4046-AA7D-3A600FE837F9}.Release|x64.ActiveCfg = Release|x64
		{68FEC8AC-0699-4046-AA7D-3A600FE837F9}.Release|x64.Build.0 = Release|x64
		{68FEC8AC-0699-4046-AA7D-3A600FE837F9}.Release|x86.ActiveCfg = Release|Win32
		{68FEC8AC-0699-4046-AA7D-3A600FE837F9}.Release|x86.Build.0 = Release|Win32
		{A9EAA304-3CE3-4323-9D62-B18093DA7262}.Debug|x64.ActiveCfg = Debug|x64
		{A9EAA304-3CE3-4323-9D62-B18093DA7262}.Debug|x64.Build.0 = Debug|x64
		{A9EAA304-3CE3-4323-9D62-B18093DA7262}.Debug|x86.ActiveCfg = Debug|Win32
		{A9EAA304-3CE3-4323-9D62-B18093DA7262}.Debug|x86.Build.0 = Debug|Win32
		{A9EAA304-3CE3-4323-9D62-B18093DA7262}.Release|x64.ActiveCfg = Release|x64
		{A9EAA304-3CE3-4323-9D62-B18093DA7262}.Release|x64.Build.0 = Release|x64
		{A9EAA304-3CE3-4323-9D62-B18093DA7262}.Release|x86.ActiveCfg = Release|Win32
		{A9EAA304-3CE3-4323-9D62-B18093DA7262}.Release|x86.Build.0 = Release|Win32
		{ACE25A2D-EB51-4F72-A3B5-B212594DAC2D}.Debug|x64.ActiveCfg = Debug|x64
		{ACE25A2D-EB51-4F72-A3B5-B212594DAC2D}.Debug|x64.Build.0 = Debug|x64
		{ACE25A2D-EB51-4F72-A3B5-B212594DAC2D}.Debug|x86.ActiveCfg = Debug|Win32
		{ACE25A2D-EB51-4F72-A3B5-B212594DAC2D}.Debug|x86.Build.0 = Debug|Win32
		{ACE25A2D-EB51-4F72-A3B5-B212594DAC2D}.Release|x64.ActiveCfg = Release|x64
		{ACE25A2D-EB51-4F72-A3B5-B212594DAC2D}.Release|x64.Build.0 = Release|x64
		{ACE25A2D-EB51-4F72-A3B5-B212594DAC2D}.Release|x86.ActiveCfg = Release|Win32
		{ACE25A2D-EB51-4F72-A3B5-B212594DAC2D}.Release|x86.Build.0 = Release|Win32
		{5DD56534-FEB2-40E9-B912-21CEF4BF800C}.Debug|x64.ActiveCfg = Debug|x64
		{5DD56534-FEB2-40E9-B912-21CEF4BF800C}.Debug|x64.Build.0 = Debug|x64
		{5DD56534-FEB2-40E9-B912-21CEF4BF800C}.Debug|x86.ActiveCfg = Debug|Win32
		{5DD56534-FEB2-40E9-B912-21CEF4BF800C}.Debug|x86.Build.0 = Debug|Win32
		{5DD56534-FEB2-40E9-B912-21CEF4BF800C}.Release|x64.ActiveCfg = Release|x64
		{5DD56534-FEB2-40E9-B912-21CEF4BF800C}.Release|x64.Build.0 = Release|x64
		{5DD56534-FEB2-40E9-B912-21CEF4BF800C}.Release|x86.ActiveCfg = Release|Win32
		{5DD56534-FEB2-40E9-B912-21CEF4BF800C}.Release|x86.Build.0 = Release|Win32
		{8DDDFB5B-D2D6-4FB4-ABE7-69F5A1889FEE}.Debug|x64.ActiveCfg = Debug|x64
		{8DDDFB5B-D2D6-4FB4-ABE7-69F5A1889FEE}.Debug|x64.Build.0 = Debug|x64
		{8DDDFB5B-D2D6-4FB4-ABE7-69F5A1889FEE}.Debug|x86.ActiveCfg = Debug|Win32
		{8DDDFB5B-D2D6-4FB4-ABE7-69F5A1889FEE}.Debug|x86.Build.0 = Debug|Win32
		{8DDDFB5B-D2D6-4FB4-ABE7-69F5A1889FEE}.Release|x64.ActiveCfg = Release|x64
		{8DDDFB5B-D2D6-4FB4-ABE7-69F5A1889FEE}.Release|x64.Build.0 = Release|x64
		{8DDDFB5B-D2D6-4FB4-ABE7-69F5A1889FEE}.Release|x86.ActiveCfg = Release|Win32
		{8DDDFB5B-D2D6-4FB4-ABE7-69F5A1889FEE}.Release|x86.Build.0 = Release|Win32
		{D2E8F4CE-E0F7-498F-A0E1-941C3D899AED}.Debug|x64.ActiveCfg = Debug|x64
		{D2E8F4CE-E0F7-498F-A0E1-941C3D899AED}.Debug|x64.Build.0 = Debug|x64
		{D2E8F4CE-E0F7-498F-A0E1-941C3D899AED}.Debug|x86.ActiveCfg = Debug|Win32
		{D2E8F4CE-E0F7-498F-A0E1-941C3D899AED}.Debug|x86.Build.0 = Debug|Win32
		{D2E8F4CE-E0F7-498F-A0E1-941C3D899AED}.Release|x64.ActiveCfg = Release|x64
		{D2E8F4CE-E0F7-498F-A0E1-941C3D899AED}.Release|x64.Build.0 = Release|x64
		{D2E8F4CE-E0F7-498F-A0E1-941C3D899AED}.Release|x86.ActiveCfg = Release|Win32
		{D2E8F4CE-E0F7-498F-A0E1-941C3D899AED}.Release|x86.Build.0 = Release|Win32
		{13A9177C-83BE-4059-9E34-ACAA7EED786A}.Debug|x64.ActiveCfg = Debug|x64
		{13A9177C-83BE-4059-9E34-ACAA7EED786A}.Debug|x64.Build.0 = Debug|x64
		{13A9177C-83BE-4059-9E34-ACAA7EED786A}.Debug|x86.ActiveCfg = Debug|Win32
		{13A9177C-83BE-4059-9E34-ACAA7EED786A}.Debug|x86.Build.0 = Debug|Win32
		{13A9177C-83BE-4059-9E34-ACAA7EED786A}.Release|x64.ActiveCfg = Release|x64
		{13A9177C-83BE-4059-9E34-ACAA7EED786A}.Release|x64.Build.0 = Release|x64
		{13A9177C-83BE-4059-9E34-ACAA7EED786A}.Release|x86.ActiveCfg = Release|Win32
		{13A9177C-83BE-4059-9E34-ACAA7EED786A}.Release|x86.Build.0 = Release|Win32
		{117711E0-22CB-402B-BA7A-4341D80F2581}.Debug|x64.ActiveCfg = Debug|x64
		{117711E0-22CB-402B-BA7A-4341D80F2581}.Debug|x64.Build.0 = Debug|x64
		{117711E0-22CB-402B-BA7A-4341D80F2581}.Debug|x86.ActiveCfg = Debug|Win32
		{117711E0-22CB-402B-BA7A-4341D80F2581}.Debug|x86.Build.0 = Debug|Win32
		{117711E0-22CB-402B-BA7A-4341D80F2581}.Release|x64.ActiveCfg = Release|x64
		{117711E0-22CB-402B-BA7A-4341D80F2581}.Release|x64.Build.0 = Release|x64
		{117711E0-22CB-402B-BA7A-4341D80F2581}.Release|x86.ActiveCfg = Release|Win32
		{117711E0-22CB-402B-BA7A-4341D80F2581}.Release|x86.Build.0 = Release|Win32
		{7C08FFB6-9730-4266-8715-A1D42E441FA1}.Debug|x64.ActiveCfg = Debug|x64
		{7C08FFB6-9730-4266-8715-A1D42E441FA1}.Debug|x64.Build.0 = Debug|x64
		{7C08FFB6-9730-4266-8715-A1D42E441FA1}.Debug|x86.ActiveCfg = Debug|Win32
		{7C08FFB6-9730-4266-8715-A1D42E441FA1}.Debug|x86.Build.0 = Debug|Win32
		{7C08FFB6-9730-4266-8715-A1D42E441FA1}.Release|x64.ActiveCfg = Release|x64
		{7C08FFB6-9730-4266-8715-A1D42E441FA1}.Release|x64.Build.0 = Release|x64
		{7C08FFB6-9730-4266-8715-A1D42E441FA1}.Release|x86.ActiveCfg = Release|Win32
		{7C08FFB6-9730-4266-8715-A1D42E441FA1}.Release|x86.Build.0 = Release|Win32
	EndGlobalSection
	GlobalSection(SolutionProperties) = preSolution
		HideSolutionNode = FALSE
	EndGlobalSection
	GlobalSection(ExtensibilityGlobals) = postSolution
		SolutionGuid = {21A48DEC-4FA8-44F1-8742-42ADE02D7825}
	EndGlobalSection
EndGlobal
